{
	"name": "bs-react-native",
	"version": "0.1.0",
	"lockfileVersion": 1,
	"dependencies": {
		"asap": {
			"version": "https://registry.npmjs.org/asap/-/asap-2.0.5.tgz",
			"integrity": "sha1-UidltQw1EEkOUtfc/ghe+bqWlY8=",
			"dev": true
		},
		"core-js": {
			"version": "https://registry.npmjs.org/core-js/-/core-js-1.2.7.tgz",
			"integrity": "sha1-ZSKUwUZR2yj6k70tX/KYOk8IxjY=",
			"dev": true
		},
		"encoding": {
			"version": "https://registry.npmjs.org/encoding/-/encoding-0.1.12.tgz",
			"integrity": "sha1-U4tm8+5izRq1HsMjgp0flIDHS+s=",
			"dev": true
		},
		"fbjs": {
			"version": "https://registry.npmjs.org/fbjs/-/fbjs-0.8.12.tgz",
			"integrity": "sha1-ELXZL3bUVXX9Y6IX1OoCvqL47QQ=",
			"dev": true
		},
		"iconv-lite": {
			"version": "https://registry.npmjs.org/iconv-lite/-/iconv-lite-0.4.17.tgz",
			"integrity": "sha1-T9qjs4rLwsAxsEXQ7c3+HsqxjI0=",
			"dev": true
		},
		"is-stream": {
			"version": "https://registry.npmjs.org/is-stream/-/is-stream-1.1.0.tgz",
			"integrity": "sha1-EtSj3U5o4Lec6428hBc66A2RykQ=",
			"dev": true
		},
		"isomorphic-fetch": {
			"version": "https://registry.npmjs.org/isomorphic-fetch/-/isomorphic-fetch-2.2.1.tgz",
			"integrity": "sha1-YRrhrPFPXoH3KVB0coGf6XM1WKk=",
			"dev": true
		},
		"js-tokens": {
			"version": "https://registry.npmjs.org/js-tokens/-/js-tokens-3.0.1.tgz",
			"integrity": "sha1-COnxMkhKLEWjCQfp3E1VZ7fxFNc=",
			"dev": true
		},
		"loose-envify": {
			"version": "https://registry.npmjs.org/loose-envify/-/loose-envify-1.3.1.tgz",
			"integrity": "sha1-0aitM/qc4OcT1l/dCsi3SNR4yEg=",
			"dev": true
		},
		"node-fetch": {
			"version": "https://registry.npmjs.org/node-fetch/-/node-fetch-1.6.3.tgz",
			"integrity": "sha1-3CNO3WSJmC1Y6PDbT2lQKavNjAQ=",
			"dev": true
		},
		"object-assign": {
			"version": "https://registry.npmjs.org/object-assign/-/object-assign-4.1.1.tgz",
			"integrity": "sha1-IQmtx5ZYh8/AXLvUQsrIv7s2CGM=",
			"dev": true
		},
		"promise": {
			"version": "https://registry.npmjs.org/promise/-/promise-7.1.1.tgz",
			"integrity": "sha1-SJZUxpJha4qlWwck+oCbt9tJxb8=",
			"dev": true
		},
		"react": {
			"version": "https://registry.npmjs.org/react/-/react-16.0.0-alpha.6.tgz",
			"integrity": "sha1-LMsa+0QlzMEveKEjpmby5MFBrbk=",
			"dev": true
		},
		"reason-react": {
			"version": "github:SanderSpies/react-on-reason#3de8d5bc8abbdc2cf696a54fdcffae6be7dd1de5"
		},
		"setimmediate": {
			"version": "https://registry.npmjs.org/setimmediate/-/setimmediate-1.0.5.tgz",
			"integrity": "sha1-KQy7Iy4waULX1+qbg3Mqt4VvgoU=",
			"dev": true
		},
		"ua-parser-js": {
			"version": "https://registry.npmjs.org/ua-parser-js/-/ua-parser-js-0.7.12.tgz",
			"integrity": "sha1-BMgamb3V3FImPqKdJMa/jUgYpLs=",
			"dev": true
		},
		"whatwg-fetch": {
			"version": "https://registry.npmjs.org/whatwg-fetch/-/whatwg-fetch-2.0.3.tgz",
			"integrity": "sha1-nITsLc9oGH/wC8ZOEnS0QhduHIQ=",
			"dev": true
		}
	}
}
