# THIS IS AN AUTOGENERATED FILE. DO NOT EDIT THIS FILE DIRECTLY.
# yarn lockfile v1


bs-platform@^1.7.0:
  version "1.7.1"
  resolved "https://registry.yarnpkg.com/bs-platform/-/bs-platform-1.7.1.tgz#e05b0ca466115a0374d89141ba749b66a8e4ac07"

reason-react@^0.1.1:
  version "0.1.1"
  resolved "https://registry.yarnpkg.com/reason-react/-/reason-react-0.1.1.tgz#479780dd0dde32959214208c381c1c61b47934d7"
