# THIS IS AN AUTOGENERATED FILE. DO NOT EDIT THIS FILE DIRECTLY.
# yarn lockfile v1


bs-platform@bsansouci/bsb-native#3.2.0:
  version "3.2.0"
  resolved "https://codeload.github.com/bsansouci/bsb-native/tar.gz/84604c9f6a5611eed68372efdb575c00a3e72813"
  dependencies:
    yauzl "^2.9.1"

bs-platform@bsansouci/bsb-native#fast, "bs-platform@github:bsansouci/bsb-native#fast":
  version "2.1.1"
  resolved "https://codeload.github.com/bsansouci/bsb-native/tar.gz/d76155b709dba032cdb11e99ebe0e2c37bcb2c85"
  dependencies:
    yauzl "^2.9.1"

buffer-crc32@~0.2.3:
  version "0.2.13"
  resolved "https://registry.yarnpkg.com/buffer-crc32/-/buffer-crc32-0.2.13.tgz#0d333e3f00eac50aa1454abd30ef8c2a5d9a7242"

fd-slicer@~1.1.0:
  version "1.1.0"
  resolved "https://registry.yarnpkg.com/fd-slicer/-/fd-slicer-1.1.0.tgz#25c7c89cb1f9077f8891bbe61d8f390eae256f1e"
  dependencies:
    pend "~1.2.0"

"matchenv@github:bsansouci/matchenv":
  version "0.1.0"
  resolved "https://codeload.github.com/bsansouci/matchenv/tar.gz/99fb6fd182a39edf6194eace8a9d6454eedec30f"
  dependencies:
    bs-platform bsansouci/bsb-native#3.2.0

minimist.re@0.0.2:
  version "0.0.2"
  resolved "https://registry.yarnpkg.com/minimist.re/-/minimist.re-0.0.2.tgz#e8717bc6de11d85b2878cbdace1fdec63a2eae81"

minimist.re@0.0.5:
  version "0.0.5"
  resolved "https://registry.yarnpkg.com/minimist.re/-/minimist.re-0.0.5.tgz#2702c5bcac46564257ca0b353542e403f3bca922"

pack.re-bin@*:
  version "0.2.1"
  resolved "https://registry.yarnpkg.com/pack.re-bin/-/pack.re-bin-0.2.1.tgz#f6afdc98c8e651b1508abb490934af24bf36acfb"
  dependencies:
    minimist.re "0.0.2"
    reason-cli-tools "1.0.4"
    rex-json "1.0.2"

pack.re@jaredly/pack.re:
  version "0.2.0"
  resolved "https://codeload.github.com/jaredly/pack.re/tar.gz/f7373039dfd26bc0d05ec3b9e5c09949d47b932f"
  dependencies:
    minimist.re "0.0.2"
    reason-cli-tools "1.0.4"
    rex-json "1.0.2"

pend@~1.2.0:
  version "1.2.0"
  resolved "https://registry.yarnpkg.com/pend/-/pend-1.2.0.tgz#7a57eb550a6783f9115331fcf4663d5c8e007a50"

reason-cli-tools@1.0.4:
  version "1.0.4"
  resolved "https://registry.yarnpkg.com/reason-cli-tools/-/reason-cli-tools-1.0.4.tgz#a4efdaf38e383ce531460c6cd31428bc7a3c4144"
  dependencies:
    matchenv "github:bsansouci/matchenv"

redoc@jaredly/redoc#master:
  version "0.0.1"
  resolved "https://codeload.github.com/jaredly/redoc/tar.gz/fe46bc73834fd0dfd6f2408a22c2d6fd9d801daf"
  dependencies:
    bs-platform bsansouci/bsb-native#fast
    minimist.re "0.0.5"
    pack.re jaredly/pack.re
    pack.re-bin "*"
    rex-json "1.3.0"

rex-json@1.0.2:
  version "1.0.2"
  resolved "https://registry.yarnpkg.com/rex-json/-/rex-json-1.0.2.tgz#42e491e71907cb31ea8f2d29ff111191b379c257"
  dependencies:
    bs-platform bsansouci/bsb-native#fast

rex-json@1.3.0:
  version "1.3.0"
  resolved "https://registry.yarnpkg.com/rex-json/-/rex-json-1.3.0.tgz#5eb6d0f9f183a505b2de6a201031d21debf73a82"

yauzl@^2.9.1:
  version "2.9.2"
  resolved "https://registry.yarnpkg.com/yauzl/-/yauzl-2.9.2.tgz#4fb1bc7ae1fc2f57037b54af6acc8fe1031c5b77"
  dependencies:
    buffer-crc32 "~0.2.3"
    fd-slicer "~1.1.0"
